{
  "version": "2",
  "remote": {
    "https://deno.land/std@0.162.0/_util/assert.ts": "e94f2eb37cebd7f199952e242c77654e43333c1ac4c5c700e929ea3aa5489f74",
    "https://deno.land/std@0.162.0/_util/os.ts": "8a33345f74990e627b9dfe2de9b040004b08ea5146c7c9e8fe9a29070d193934",
    "https://deno.land/std@0.162.0/async/abortable.ts": "87aa7230be8360c24ad437212311c9e8d4328854baec27b4c7abb26e85515c06",
    "https://deno.land/std@0.162.0/async/deadline.ts": "48ac998d7564969f3e6ec6b6f9bf0217ebd00239b1b2292feba61272d5dd58d0",
    "https://deno.land/std@0.162.0/async/debounce.ts": "dc8b92d4a4fe7eac32c924f2b8d3e62112530db70cadce27042689d82970b350",
    "https://deno.land/std@0.162.0/async/deferred.ts": "d8fb253ffde2a056e4889ef7e90f3928f28be9f9294b6505773d33f136aab4e6",
    "https://deno.land/std@0.162.0/async/delay.ts": "0419dfc993752849692d1f9647edf13407c7facc3509b099381be99ffbc9d699",
    "https://deno.land/std@0.162.0/async/mod.ts": "dd0a8ed4f3984ffabe2fcca7c9f466b7932d57b1864ffee148a5d5388316db6b",
    "https://deno.land/std@0.162.0/async/mux_async_iterator.ts": "3447b28a2a582224a3d4d3596bccbba6e85040da3b97ed64012f7decce98d093",
    "https://deno.land/std@0.162.0/async/pool.ts": "ef9eb97b388543acbf0ac32647121e4dbe629236899586c4d4311a8770fbb239",
    "https://deno.land/std@0.162.0/async/tee.ts": "9af3a3e7612af75861308b52249e167f5ebc3dcfc8a1a4d45462d96606ee2b70",
    "https://deno.land/std@0.162.0/bytes/bytes_list.ts": "aba5e2369e77d426b10af1de0dcc4531acecec27f9b9056f4f7bfbf8ac147ab4",
    "https://deno.land/std@0.162.0/bytes/equals.ts": "3c3558c3ae85526f84510aa2b48ab2ad7bdd899e2e0f5b7a8ffc85acb3a6043a",
    "https://deno.land/std@0.162.0/bytes/mod.ts": "b2e342fd3669176a27a4e15061e9d588b89c1aaf5008ab71766e23669565d179",
    "https://deno.land/std@0.162.0/encoding/base64.ts": "c57868ca7fa2fbe919f57f88a623ad34e3d970d675bdc1ff3a9d02bba7409db2",
    "https://deno.land/std@0.162.0/encoding/base64url.ts": "a5f82a9fa703bd85a5eb8e7c1296bc6529e601ebd9642cc2b5eaa6b38fa9e05a",
    "https://deno.land/std@0.162.0/fmt/colors.ts": "9e36a716611dcd2e4865adea9c4bec916b5c60caad4cdcdc630d4974e6bb8bd4",
    "https://deno.land/std@0.162.0/io/buffer.ts": "fae02290f52301c4e0188670e730cd902f9307fb732d79c4aa14ebdc82497289",
    "https://deno.land/std@0.162.0/io/types.d.ts": "107e1e64834c5ba917c783f446b407d33432c5d612c4b3430df64fc2b4ecf091",
    "https://deno.land/std@0.162.0/node/_utils.ts": "3d5462910bafe08a79797fefedfde5cc743702b4d24e2d13b9c47c1603d9d33d",
    "https://deno.land/std@0.162.0/node/buffer.ts": "43f07b2d1523345bf35b7deb7fcdad6e916020a631a7bc1b5efcaff556db4e1d",
    "https://deno.land/std@0.162.0/node/internal/buffer.d.ts": "90f674081428a61978b6d481c5f557ff743a3f4a85d7ae113caab48fdf5b8a63",
    "https://deno.land/std@0.162.0/node/internal/buffer.mjs": "70b74b34f1617b3492aee6dec35c7bdabbf26e034bfcf640aa61b3d63c5c850f",
    "https://deno.land/std@0.162.0/node/internal/crypto/_keys.ts": "7f993ece8c8e94a292944518cf4173521c6bf01785e75be014cd45a9cc2e4ad5",
    "https://deno.land/std@0.162.0/node/internal/crypto/constants.ts": "d2c8821977aef55e4d66414d623c24a2447791a8b49b6404b8db32d81e20c315",
    "https://deno.land/std@0.162.0/node/internal/error_codes.ts": "ac03c4eae33de3a69d6c98e8678003207eecf75a6900eb847e3fea3c8c9e6d8f",
    "https://deno.land/std@0.162.0/node/internal/errors.ts": "1b65ad547acb9a8501d87409cbebb0d26d9879c9de9458ee6ea9aa5a71fdbe9f",
    "https://deno.land/std@0.162.0/node/internal/hide_stack_frames.ts": "a91962ec84610bc7ec86022c4593cdf688156a5910c07b5bcd71994225c13a03",
    "https://deno.land/std@0.162.0/node/internal/normalize_encoding.mjs": "3779ec8a7adf5d963b0224f9b85d1bc974a2ec2db0e858396b5d3c2c92138a0a",
    "https://deno.land/std@0.162.0/node/internal/primordials.mjs": "7cf5afe471583e4a384eeea109bdff276b6b7f3a3af830f99f951fb7d57ef423",
    "https://deno.land/std@0.162.0/node/internal/util.mjs": "35d24fb775468cd24443bcf0ec68904b8aa44e5b53845491a5e3382421917f9a",
    "https://deno.land/std@0.162.0/node/internal/util/inspect.mjs": "1ddace0c97719d2cc0869ba177d375e96051301352ec235cbfb2ecbfcd4e8fba",
    "https://deno.land/std@0.162.0/node/internal/util/types.ts": "de6e2b7f9b9985ab881b1e78f05ae51d1fc829ae1584063df21e57b35312f3c4",
    "https://deno.land/std@0.162.0/node/internal/validators.mjs": "67deae0f488d013c8bf485742a5478112b8e48837cb2458c4a8b2669cf7017db",
    "https://deno.land/std@0.162.0/node/internal_binding/_libuv_winerror.ts": "801e05c2742ae6cd42a5f0fd555a255a7308a65732551e962e5345f55eedc519",
    "https://deno.land/std@0.162.0/node/internal_binding/_node.ts": "e4075ba8a37aef4eb5b592c8e3807c39cb49ca8653faf8e01a43421938076c1b",
    "https://deno.land/std@0.162.0/node/internal_binding/_utils.ts": "1c50883b5751a9ea1b38951e62ed63bacfdc9d69ea665292edfa28e1b1c5bd94",
    "https://deno.land/std@0.162.0/node/internal_binding/_winerror.ts": "8811d4be66f918c165370b619259c1f35e8c3e458b8539db64c704fbde0a7cd2",
    "https://deno.land/std@0.162.0/node/internal_binding/buffer.ts": "781e1d13adc924864e6e37ecb5152e8a4e994cf394695136e451c47f00bda76c",
    "https://deno.land/std@0.162.0/node/internal_binding/constants.ts": "f4afc504137fb21f3908ab549931604968dfa62432b285a0874f41c4cade9ed2",
    "https://deno.land/std@0.162.0/node/internal_binding/string_decoder.ts": "5cb1863763d1e9b458bc21d6f976f16d9c18b3b3f57eaf0ade120aee38fba227",
    "https://deno.land/std@0.162.0/node/internal_binding/types.ts": "4c26fb74ba2e45de553c15014c916df6789529a93171e450d5afb016b4c765e7",
    "https://deno.land/std@0.162.0/node/internal_binding/util.ts": "faf5146c3cc3b2d6c26026a818b4a16e91488ab26e63c069f36ba3c3ae24c97b",
    "https://deno.land/std@0.162.0/node/internal_binding/uv.ts": "8c5b971a7e5e66584274fcb8aab958a6b3d5a6232ee8b3dec09b24047d6c008d",
    "https://deno.land/std@0.162.0/streams/conversion.ts": "555c6c249f3acf85655f2d0af52d1cb3168e40b1c1fa26beefea501b333abe28",
    "https://deno.land/std@0.162.0/testing/_diff.ts": "a23e7fc2b4d8daa3e158fa06856bedf5334ce2a2831e8bf9e509717f455adb2c",
    "https://deno.land/std@0.162.0/testing/_format.ts": "cd11136e1797791045e639e9f0f4640d5b4166148796cad37e6ef75f7d7f3832",
    "https://deno.land/std@0.162.0/testing/asserts.ts": "1e340c589853e82e0807629ba31a43c84ebdcdeca910c4a9705715dfdb0f5ce8",
    "https://deno.land/std@0.165.0/_util/asserts.ts": "d0844e9b62510f89ce1f9878b046f6a57bf88f208a10304aab50efcb48365272",
    "https://deno.land/std@0.165.0/bytes/bytes_list.ts": "aba5e2369e77d426b10af1de0dcc4531acecec27f9b9056f4f7bfbf8ac147ab4",
    "https://deno.land/std@0.165.0/bytes/equals.ts": "3c3558c3ae85526f84510aa2b48ab2ad7bdd899e2e0f5b7a8ffc85acb3a6043a",
    "https://deno.land/std@0.165.0/bytes/mod.ts": "b2e342fd3669176a27a4e15061e9d588b89c1aaf5008ab71766e23669565d179",
    "https://deno.land/std@0.165.0/io/buffer.ts": "245f1762a949082ddc0a6e9b15589d0be2d29c150266decd04320b8a8318f9f6",
    "https://deno.land/std@0.165.0/io/types.d.ts": "107e1e64834c5ba917c783f446b407d33432c5d612c4b3430df64fc2b4ecf091",
    "https://deno.land/std@0.165.0/streams/conversion.ts": "555c6c249f3acf85655f2d0af52d1cb3168e40b1c1fa26beefea501b333abe28",
    "https://esm.sh/cheerio@1.0.0-rc.12": "39d12a2fbde4f617d90c1c954d481ab8cc7d6bec7b005d1acbbfd573f183135c",
    "https://esm.sh/v98/boolbase@1.0.0/deno/boolbase.js": "c2de9c6051e43e825cebf96303dccc8c84d84db898ee48f19cb64a52df887f31",
    "https://esm.sh/v98/cheerio-select@2.1.0/deno/cheerio-select.js": "e3a46680f7b3f7b73f435b60417bcbd1f3120973c1e51cbc4ea66c560e3c07e0",
    "https://esm.sh/v98/cheerio-select@2.1.0/lib/index.d.ts": "0c85e7aba6d61a1a6224462e2d80ef5f6424a25db24fce684d6ec6f546fbf3c0",
    "https://esm.sh/v98/cheerio@1.0.0-rc.12/deno/cheerio.js": "718980efbba32d92e0d2c0d091c5c3481f4abca0fec2002d46015394c9ad11da",
    "https://esm.sh/v98/cheerio@1.0.0-rc.12/deno/lib/utils.js": "62339c7938355affcf402134c68b696aaa1ffd5df631f2d8b48a705f55e1451c",
    "https://esm.sh/v98/cheerio@1.0.0-rc.12/lib/api/attributes.d.ts": "de961a26186f9dc435d9d45c299fe103466e5a3551428618fb01abf0a49f1f1f",
    "https://esm.sh/v98/cheerio@1.0.0-rc.12/lib/api/css.d.ts": "90b967b644ff9090bdf4e5654551292d94e64629087c3257d87394e2d93e76e9",
    "https://esm.sh/v98/cheerio@1.0.0-rc.12/lib/api/forms.d.ts": "dd4044647b0c96bc280dcdee45bcf27c05276a3b806acf610ad03b60a19b4f8b",
    "https://esm.sh/v98/cheerio@1.0.0-rc.12/lib/api/manipulation.d.ts": "0301fff23bb4d6e6fab7436464b9b59e58f74774e12a937f83fee56063c25bf3",
    "https://esm.sh/v98/cheerio@1.0.0-rc.12/lib/api/traversing.d.ts": "d44d9524468f1582e5cd48eba16fd645277e388c1ed867961fd0a2296d1960ff",
    "https://esm.sh/v98/cheerio@1.0.0-rc.12/lib/cheerio.d.ts": "f50b84fefd6b904083d640d8551fef05c02c8dd435924d6c310a4cb0fc6ccba0",
    "https://esm.sh/v98/cheerio@1.0.0-rc.12/lib/index.d.ts": "8bcb30c0dc043afde720941ffc6aa2caf63d7f26451f0f31e520fef873e2a1e1",
    "https://esm.sh/v98/cheerio@1.0.0-rc.12/lib/load.d.ts": "5e5dd872cfd68b9269034986723e09513ec2de8997325248df113c553474cd1c",
    "https://esm.sh/v98/cheerio@1.0.0-rc.12/lib/options.d.ts": "8d74c13446a7f6e5d5a5a3c354b1710abf36b90dd50fa26ea18f241baa4f2162",
    "https://esm.sh/v98/cheerio@1.0.0-rc.12/lib/static.d.ts": "fbb42b9a090eeb49b4c9d5da1f0d4b983b3cda4caf3d74f98e7dd2d21d719138",
    "https://esm.sh/v98/cheerio@1.0.0-rc.12/lib/types.d.ts": "25ffbf84a82e3e96924be52af9b35bd7a4f86185f92ff375e5cd0139003f424f",
    "https://esm.sh/v98/css-select@5.1.0/deno/css-select.js": "7a5689bc598642dd58f914932612e6da3861dc849337765b77263a2350a7e62c",
    "https://esm.sh/v98/css-select@5.1.0/lib/index.d.ts": "7ee598961cb5c615e1b81618c79fa34d1884e969ef8ea288e8a4cb2f405db1b2",
    "https://esm.sh/v98/css-select@5.1.0/lib/pseudo-selectors/aliases.d.ts": "22cfc60f2b8fcaf300f1bcc8f53b97bd9fbefd5da9f298979709ceaa04e26b45",
    "https://esm.sh/v98/css-select@5.1.0/lib/pseudo-selectors/filters.d.ts": "a16a447cc2feb1b687f577635d06eb13d4da54cd822c6a29497ff699b4fce7b8",
    "https://esm.sh/v98/css-select@5.1.0/lib/pseudo-selectors/index.d.ts": "a93a20d4b941455ead7dcbdc67e24444cf54975d5966607300f08ce34f7230c3",
    "https://esm.sh/v98/css-select@5.1.0/lib/pseudo-selectors/pseudos.d.ts": "607ca04e0d06433db330042de312532c0addbbaf46b7e7dfdd8ff63818170905",
    "https://esm.sh/v98/css-select@5.1.0/lib/types.d.ts": "ffd0f7899ebb6295eadec292093ae7639260fe10676e6d6dbc5369a52267dbfb",
    "https://esm.sh/v98/css-what@6.1.0/deno/css-what.js": "b748f3252b086c97e0acf4dcb786fd65e786d9c269e095a6454bbc9cd64bcfe3",
    "https://esm.sh/v98/css-what@6.1.0/lib/es/index.d.ts": "dd85117592208130bfbcff4bf22b517783bcce8fc8521a5881783d33701e1f8a",
    "https://esm.sh/v98/css-what@6.1.0/lib/es/parse.d.ts": "0f32c1fca455670db2f6fac2b04e5a05b7b73ad2eae781d1fafb64d24dc65c64",
    "https://esm.sh/v98/css-what@6.1.0/lib/es/stringify.d.ts": "ff26d3761151ef55a86489fc64aea60dedbab92e37321a4c7e7fe91785535209",
    "https://esm.sh/v98/css-what@6.1.0/lib/es/types.d.ts": "65e53618d67a1da2db60d5a47ac408e642468faa6b179935d528b9d43a760177",
    "https://esm.sh/v98/dom-serializer@2.0.0/deno/dom-serializer.js": "c1326eeb2bce154f185af163c3bbaad3f1fc28a8be1ce028b7195dc3627d5d24",
    "https://esm.sh/v98/dom-serializer@2.0.0/lib/index.d.ts": "8c4b5e2021062a0c55632aef6b05ccc0351e03b1439d5035865de2f573430379",
    "https://esm.sh/v98/domelementtype@2.3.0/deno/domelementtype.js": "2bbc5ada9929825ac019e137ffdb26fcf04e3eaccaf0e8d6786cd1b8bb8b8f63",
    "https://esm.sh/v98/domelementtype@2.3.0/lib/index.d.ts": "e307d69c2e131e39db6038b4bd51916c6cd787e01d730ad0c28c60491d0accf2",
    "https://esm.sh/v98/domhandler@5.0.3/deno/domhandler.js": "d24bf551b37f48bf2b90406809722de7acda3e2be348d2f81929cdf2c9c5b6d4",
    "https://esm.sh/v98/domhandler@5.0.3/lib/index.d.ts": "587a74d5be3d1ff7904170380e0a40e69ca29c3186e88c9f360462a920051348",
    "https://esm.sh/v98/domhandler@5.0.3/lib/node.d.ts": "c9d74bb38b85b2056e9d2d01eb2f956acbcf1c803c192c9f65cd328b2f6ced8a",
    "https://esm.sh/v98/domutils@3.0.1/deno/domutils.js": "6695b29d724f9e5f7809ecd479b44c89e6a22ee13c5efea63a558e5f1dd5cdad",
    "https://esm.sh/v98/domutils@3.0.1/lib/feeds.d.ts": "47d30baa967a54b4418774fccd2cf721115b5d4ecf279584a5567fb47a6ae1fc",
    "https://esm.sh/v98/domutils@3.0.1/lib/helpers.d.ts": "b1e59640d2fdb7a2ec52cd50ee9a970398ab65c84183f33c4b17536c19d0e4fa",
    "https://esm.sh/v98/domutils@3.0.1/lib/index.d.ts": "da8b1eb591f0ff62e027fdfaa6ace6ddc0bb440725d0c482c9a335141f64b3a5",
    "https://esm.sh/v98/domutils@3.0.1/lib/legacy.d.ts": "7f72b280cf02575df9c44404169512fa4d7ba6f3967abd3d8d6f4be88e85a109",
    "https://esm.sh/v98/domutils@3.0.1/lib/manipulation.d.ts": "7efd4013ae163321f6bee7bcdf978bf5611a20c477f59d5b79023bea85d84be0",
    "https://esm.sh/v98/domutils@3.0.1/lib/querying.d.ts": "05c7c4437eb1d28d35177710936bb96db2873f26a8c8cd64850174130c4d2f44",
    "https://esm.sh/v98/domutils@3.0.1/lib/stringify.d.ts": "35622d7d7a5773a47673b868babf9dde9fda0352c9218be9b523c7b7e1d8478a",
    "https://esm.sh/v98/domutils@3.0.1/lib/traversal.d.ts": "c1b8075ea116d2e99b7ba1181c46d458a963219bf06cc446dea385207119a193",
    "https://esm.sh/v98/entities@4.4.0/deno/entities.js": "192e7eb8eeece49995966642544244d829f22f5fb0bccdc9fd39959c4689eea4",
    "https://esm.sh/v98/entities@4.4.0/deno/lib/decode.js": "899639d51d3861f1dae620e9dfa4b8ca1651d34a1c9465dcfd7226dba31c2459",
    "https://esm.sh/v98/entities@4.4.0/deno/lib/escape.js": "3046762ed5a3ccdbb174c5595b1c15d3c0bde7e897130434d0dfca63a1af1aea",
    "https://esm.sh/v98/htmlparser2@8.0.1/deno/htmlparser2.js": "2027d1b2d65cc4d3af11e8dc458e2304e44fa810eb1da09d20481d23f34f3277",
    "https://esm.sh/v98/htmlparser2@8.0.1/lib/Parser.d.ts": "9055d451e782af8e471d588d05c3d9196a0f5c0f94c61c8f9dca34ba87ab1146",
    "https://esm.sh/v98/htmlparser2@8.0.1/lib/Tokenizer.d.ts": "41787f4904cb436cf92cba22f574829aeb7a527138e1dd228a2084e796c11bb8",
    "https://esm.sh/v98/htmlparser2@8.0.1/lib/index.d.ts": "2b695aa0d7ae56efd68725583a8bb1daa9ea4aa34e66f80523cede8d6b67b30e",
    "https://esm.sh/v98/node.ns.d.ts": "0fb081f0cd2150931bd54baa04f31466abd9ca701fd9060d07931402cf8367ba",
    "https://esm.sh/v98/nth-check@2.1.1/deno/nth-check.js": "d1d8ef82420b126d10119f9daab047eaa6fe430e2f8acc345bcc58e455fc5a05",
    "https://esm.sh/v98/parse5-htmlparser2-tree-adapter@7.0.0/deno/parse5-htmlparser2-tree-adapter.js": "a7e82ee942a81945340ea28a51a8a5d28bbd1c6dfb51f8a1e093b7cac182da5b",
    "https://esm.sh/v98/parse5@7.1.1/deno/parse5.js": "cb11272f5eddcf224d944fbe696a4e3e10919dd4ac1fd2dffe3dc24aace621a1"
  }
}
